
Microsoft Visual Studio Solution File, Format Version 12.00
# Visual Studio 15
VisualStudioVersion = 15.0.28010.2048
MinimumVisualStudioVersion = 10.0.40219.1
Project("{FAE04EC0-301F-11D3-BF4B-00C04F79EFBC}") = "WPFSphere", "WPFSphere\WPFSphere.csproj", "{149AC412-1DEF-4D4B-B3E9-F4A11C96E312}"
EndProject
Global
	GlobalSection(SolutionConfigurationPlatforms) = preSolution
		Debug|Any CPU = Debug|Any CPU
		Release|Any CPU = Release|Any CPU
	EndGlobalSection
	GlobalSection(ProjectConfigurationPlatforms) = postSolution
		{149AC412-1DEF-4D4B-B3E9-F4A11C96E312}.Debug|Any CPU.ActiveCfg = Debug|Any CPU
		{149AC412-1DEF-4D4B-B3E9-F4A11C96E312}.Debug|Any CPU.Build.0 = Debug|Any CPU
		{149AC412-1DEF-4D4B-B3E9-F4A11C96E312}.Release|Any CPU.ActiveCfg = Release|Any CPU
		{149AC412-1DEF-4D4B-B3E9-F4A11C96E312}.Release|Any CPU.Build.0 = Release|Any CPU
	EndGlobalSection
	GlobalSection(SolutionProperties) = preSolution
		HideSolutionNode = FALSE
	EndGlobalSection
	GlobalSection(ExtensibilityGlobals) = postSolution
		SolutionGuid = {85D4B4B7-67EC-4454-8B15-A2D3D7BC8C88}
	EndGlobalSection
EndGlobal
